
Microsoft Visual Studio Solution File, Format Version 12.00
# Visual Studio Version 17
VisualStudioVersion = 17.0.32126.317
MinimumVisualStudioVersion = 10.0.40219.1
Project("{FAE04EC0-301F-11D3-BF4B-00C04F79EFBC}") = "AluxionTest", "AluxionTest\AluxionTest.csproj", "{4214411B-C0F0-417D-A708-3E636B879461}"
EndProject
Global
	GlobalSection(SolutionConfigurationPlatforms) = preSolution
		Debug|Any CPU = Debug|Any CPU
		Release|Any CPU = Release|Any CPU
	EndGlobalSection
	GlobalSection(ProjectConfigurationPlatforms) = postSolution
		{4214411B-C0F0-417D-A708-3E636B879461}.Debug|Any CPU.ActiveCfg = Debug|Any CPU
		{4214411B-C0F0-417D-A708-3E636B879461}.Debug|Any CPU.Build.0 = Debug|Any CPU
		{4214411B-C0F0-417D-A708-3E636B879461}.Release|Any CPU.ActiveCfg = Release|Any CPU
		{4214411B-C0F0-417D-A708-3E636B879461}.Release|Any CPU.Build.0 = Release|Any CPU
	EndGlobalSection
	GlobalSection(SolutionProperties) = preSolution
		HideSolutionNode = FALSE
	EndGlobalSection
	GlobalSection(ExtensibilityGlobals) = postSolution
		SolutionGuid = {358C0E49-58B6-4499-B3DA-1CE7172B3F7B}
	EndGlobalSection
EndGlobal
